// !$*UTF8*$!
{
	archiveVersion = 1;
	classes = {
	};
	objectVersion = 77;
	objects = {

/* Begin PBXBuildFile section */
		AA000001AA000001AA000001 /* ClimbingLog.cpp in Sources */ = {isa = PBXBuildFile; fileRef = AA000005AA000005AA000005 /* ClimbingLog.cpp */; };
		AA000002AA000002AA000002 /* climbing_log_bridge.cpp in Sources */ = {isa = PBXBuildFile; fileRef = AA000006AA000006AA000006 /* climbing_log_bridge.cpp */; };
/* End PBXBuildFile section */

/* Begin PBXContainerItemProxy section */
		93F9CE5D2F7419EA000E6F42 /* PBXContainerItemProxy */ = {
			isa = PBXContainerItemProxy;
			containerPortal = 93F9CE472F7419E8000E6F42 /* Project object */;
			proxyType = 1;
			remoteGlobalIDString = 93F9CE4E2F7419E8000E6F42;
			remoteInfo = ClimbingLog;
		};
		93F9CE672F7419EA000E6F42 /* PBXContainerItemProxy */ = {
			isa = PBXContainerItemProxy;
			containerPortal = 93F9CE472F7419E8000E6F42 /* Project object */;
			proxyType = 1;
			remoteGlobalIDString = 93F9CE4E2F7419E8000E6F42;
			remoteInfo = ClimbingLog;
		};
/* End PBXContainerItemProxy section */

/* Begin PBXFileReference section */
		93F9CE4F2F7419E8000E6F42 /* ClimbingLog.app */ = {isa = PBXFileReference; explicitFileType = wrapper.application; includeInIndex = 0; path = ClimbingLog.app; sourceTree = BUILT_PRODUCTS_DIR; };
		93F9CE5C2F7419EA000E6F42 /* ClimbingLogTests.xctest */ = {isa = PBXFileReference; explicitFileType = wrapper.cfbundle; includeInIndex = 0; path = ClimbingLogTests.xctest; sourceTree = BUILT_PRODUCTS_DIR; };
		93F9CE662F7419EA000E6F42 /* ClimbingLogUITests.xctest */ = {isa = PBXFileReference; explicitFileType = wrapper.cfbundle; includeInIndex = 0; path = ClimbingLogUITests.xctest; sourceTree = BUILT_PRODUCTS_DIR; };
		AA000003AA000003AA000003 /* climbing_log.h */ = {isa = PBXFileReference; lastKnownFileType = sourcecode.c.h; path = climbing_log.h; sourceTree = "<group>"; };
		AA000004AA000004AA000004 /* ClimbingLog.hpp */ = {isa = PBXFileReference; lastKnownFileType = sourcecode.cpp.h; path = ClimbingLog.hpp; sourceTree = "<group>"; };
		AA000005AA000005AA000005 /* ClimbingLog.cpp */ = {isa = PBXFileReference; lastKnownFileType = sourcecode.cpp.cpp; path = ClimbingLog.cpp; sourceTree = "<group>"; };
		AA000006AA000006AA000006 /* climbing_log_bridge.cpp */ = {isa = PBXFileReference; lastKnownFileType = sourcecode.cpp.cpp; path = climbing_log_bridge.cpp; sourceTree = "<group>"; };
/* End PBXFileReference section */

/* Begin PBXFileSystemSynchronizedRootGroup section */
		93F9CE512F7419E8000E6F42 /* ClimbingLog */ = {
			isa = PBXFileSystemSynchronizedRootGroup;
			path = ClimbingLog;
			sourceTree = "<group>";
		};
		93F9CE5F2F7419EA000E6F42 /* ClimbingLogTests */ = {
			isa = PBXFileSystemSynchronizedRootGroup;
			path = ClimbingLogTests;
			sourceTree = "<group>";
		};
		93F9CE692F7419EA000E6F42 /* ClimbingLogUITests */ = {
			isa = PBXFileSystemSynchronizedRootGroup;
			path = ClimbingLogUITests;
			sourceTree = "<group>";
		};
/* End PBXFileSystemSynchronizedRootGroup section */

/* Begin PBXFrameworksBuildPhase section */
		93F9CE4C2F7419E8000E6F42 /* Frameworks */ = {
			isa = PBXFrameworksBuildPhase;
			buildActionMask = 2147483647;
			files = (
			);
			runOnlyForDeploymentPostprocessing = 0;
		};
		93F9CE592F7419EA000E6F42 /* Frameworks */ = {
			isa = PBXFrameworksBuildPhase;
			buildActionMask = 2147483647;
			files = (
			);
			runOnlyForDeploymentPostprocessing = 0;
		};
		93F9CE632F7419EA000E6F42 /* Frameworks */ = {
			isa = PBXFrameworksBuildPhase;
			buildActionMask = 2147483647;
			files = (
			);
			runOnlyForDeploymentPostprocessing = 0;
		};
/* End PBXFrameworksBuildPhase section */

/* Begin PBXGroup section */
		93F9CE462F7419E8000E6F42 = {
			isa = PBXGroup;
			children = (
				93F9CE512F7419E8000E6F42 /* ClimbingLog */,
				93F9CE5F2F7419EA000E6F42 /* ClimbingLogTests */,
				93F9CE692F7419EA000E6F42 /* ClimbingLogUITests */,
				AA000007AA000007AA000007 /* core */,
				93F9CE502F7419E8000E6F42 /* Products */,
			);
			sourceTree = "<group>";
		};
		AA000007AA000007AA000007 /* core */ = {
			isa = PBXGroup;
			children = (
				AA000008AA000008AA000008 /* include */,
				AA000009AA000009AA000009 /* src */,
			);
			name = core;
			path = "../core";
			sourceTree = "<group>";
		};
		AA000008AA000008AA000008 /* include */ = {
			isa = PBXGroup;
			children = (
				AA000003AA000003AA000003 /* climbing_log.h */,
			);
			name = include;
			path = include;
			sourceTree = "<group>";
		};
		AA000009AA000009AA000009 /* src */ = {
			isa = PBXGroup;
			children = (
				AA000004AA000004AA000004 /* ClimbingLog.hpp */,
				AA000005AA000005AA000005 /* ClimbingLog.cpp */,
				AA000006AA000006AA000006 /* climbing_log_bridge.cpp */,
			);
			name = src;
			path = src;
			sourceTree = "<group>";
		};
		93F9CE502F7419E8000E6F42 /* Products */ = {
			isa = PBXGroup;
			children = (
				93F9CE4F2F7419E8000E6F42 /* ClimbingLog.app */,
				93F9CE5C2F7419EA000E6F42 /* ClimbingLogTests.xctest */,
				93F9CE662F7419EA000E6F42 /* ClimbingLogUITests.xctest */,
			);
			name = Products;
			sourceTree = "<group>";
		};
/* End PBXGroup section */

/* Begin PBXNativeTarget section */
		93F9CE4E2F7419E8000E6F42 /* ClimbingLog */ = {
			isa = PBXNativeTarget;
			buildConfigurationList = 93F9CE702F7419EA000E6F42 /* Build configuration list for PBXNativeTarget "ClimbingLog" */;
			buildPhases = (
				93F9CE4B2F7419E8000E6F42 /* Sources */,
				93F9CE4C2F7419E8000E6F42 /* Frameworks */,
				93F9CE4D2F7419E8000E6F42 /* Resources */,
			);
			buildRules = (
			);
			dependencies = (
			);
			fileSystemSynchronizedGroups = (
				93F9CE512F7419E8000E6F42 /* ClimbingLog */,
			);
			name = ClimbingLog;
			packageProductDependencies = (
			);
			productName = ClimbingLog;
			productReference = 93F9CE4F2F7419E8000E6F42 /* ClimbingLog.app */;
			productType = "com.apple.product-type.application";
		};
		93F9CE5B2F7419EA000E6F42 /* ClimbingLogTests */ = {
			isa = PBXNativeTarget;
			buildConfigurationList = 93F9CE732F7419EA000E6F42 /* Build configuration list for PBXNativeTarget "ClimbingLogTests" */;
			buildPhases = (
				93F9CE582F7419EA000E6F42 /* Sources */,
				93F9CE592F7419EA000E6F42 /* Frameworks */,
				93F9CE5A2F7419EA000E6F42 /* Resources */,
			);
			buildRules = (
			);
			dependencies = (
				93F9CE5E2F7419EA000E6F42 /* PBXTargetDependency */,
			);
			fileSystemSynchronizedGroups = (
				93F9CE5F2F7419EA000E6F42 /* ClimbingLogTests */,
			);
			name = ClimbingLogTests;
			packageProductDependencies = (
			);
			productName = ClimbingLogTests;
			productReference = 93F9CE5C2F7419EA000E6F42 /* ClimbingLogTests.xctest */;
			productType = "com.apple.product-type.bundle.unit-test";
		};
		93F9CE652F7419EA000E6F42 /* ClimbingLogUITests */ = {
			isa = PBXNativeTarget;
			buildConfigurationList = 93F9CE762F7419EA000E6F42 /* Build configuration list for PBXNativeTarget "ClimbingLogUITests" */;
			buildPhases = (
				93F9CE622F7419EA000E6F42 /* Sources */,
				93F9CE632F7419EA000E6F42 /* Frameworks */,
				93F9CE642F7419EA000E6F42 /* Resources */,
			);
			buildRules = (
			);
			dependencies = (
				93F9CE682F7419EA000E6F42 /* PBXTargetDependency */,
			);
			fileSystemSynchronizedGroups = (
				93F9CE692F7419EA000E6F42 /* ClimbingLogUITests */,
			);
			name = ClimbingLogUITests;
			packageProductDependencies = (
			);
			productName = ClimbingLogUITests;
			productReference = 93F9CE662F7419EA000E6F42 /* ClimbingLogUITests.xctest */;
			productType = "com.apple.product-type.bundle.ui-testing";
		};
/* End PBXNativeTarget section */

/* Begin PBXProject section */
		93F9CE472F7419E8000E6F42 /* Project object */ = {
			isa = PBXProject;
			attributes = {
				BuildIndependentTargetsInParallel = 1;
				LastSwiftUpdateCheck = 2640;
				LastUpgradeCheck = 2640;
				TargetAttributes = {
					93F9CE4E2F7419E8000E6F42 = {
						CreatedOnToolsVersion = 26.4;
					};
					93F9CE5B2F7419EA000E6F42 = {
						CreatedOnToolsVersion = 26.4;
						TestTargetID = 93F9CE4E2F7419E8000E6F42;
					};
					93F9CE652F7419EA000E6F42 = {
						CreatedOnToolsVersion = 26.4;
						TestTargetID = 93F9CE4E2F7419E8000E6F42;
					};
				};
			};
			buildConfigurationList = 93F9CE4A2F7419E8000E6F42 /* Build configuration list for PBXProject "ClimbingLog" */;
			developmentRegion = en;
			hasScannedForEncodings = 0;
			knownRegions = (
				en,
				Base,
			);
			mainGroup = 93F9CE462F7419E8000E6F42;
			minimizedProjectReferenceProxies = 1;
			preferredProjectObjectVersion = 77;
			productRefGroup = 93F9CE502F7419E8000E6F42 /* Products */;
			projectDirPath = "";
			projectRoot = "";
			targets = (
				93F9CE4E2F7419E8000E6F42 /* ClimbingLog */,
				93F9CE5B2F7419EA000E6F42 /* ClimbingLogTests */,
				93F9CE652F7419EA000E6F42 /* ClimbingLogUITests */,
			);
		};
/* End PBXProject section */

/* Begin PBXResourcesBuildPhase section */
		93F9CE4D2F7419E8000E6F42 /* Resources */ = {
			isa = PBXResourcesBuildPhase;
			buildActionMask = 2147483647;
			files = (
			);
			runOnlyForDeploymentPostprocessing = 0;
		};
		93F9CE5A2F7419EA000E6F42 /* Resources */ = {
			isa = PBXResourcesBuildPhase;
			buildActionMask = 2147483647;
			files = (
			);
			runOnlyForDeploymentPostprocessing = 0;
		};
		93F9CE642F7419EA000E6F42 /* Resources */ = {
			isa = PBXResourcesBuildPhase;
			buildActionMask = 2147483647;
			files = (
			);
			runOnlyForDeploymentPostprocessing = 0;
		};
/* End PBXResourcesBuildPhase section */

/* Begin PBXSourcesBuildPhase section */
		93F9CE4B2F7419E8000E6F42 /* Sources */ = {
			isa = PBXSourcesBuildPhase;
			buildActionMask = 2147483647;
			files = (
				AA000001AA000001AA000001 /* ClimbingLog.cpp in Sources */,
				AA000002AA000002AA000002 /* climbing_log_bridge.cpp in Sources */,
			);
			runOnlyForDeploymentPostprocessing = 0;
		};
		93F9CE582F7419EA000E6F42 /* Sources */ = {
			isa = PBXSourcesBuildPhase;
			buildActionMask = 2147483647;
			files = (
			);
			runOnlyForDeploymentPostprocessing = 0;
		};
		93F9CE622F7419EA000E6F42 /* Sources */ = {
			isa = PBXSourcesBuildPhase;
			buildActionMask = 2147483647;
			files = (
			);
			runOnlyForDeploymentPostprocessing = 0;
		};
/* End PBXSourcesBuildPhase section */

/* Begin PBXTargetDependency section */
		93F9CE5E2F7419EA000E6F42 /* PBXTargetDependency */ = {
			isa = PBXTargetDependency;
			target = 93F9CE4E2F7419E8000E6F42 /* ClimbingLog */;
			targetProxy = 93F9CE5D2F7419EA000E6F42 /* PBXContainerItemProxy */;
		};
		93F9CE682F7419EA000E6F42 /* PBXTargetDependency */ = {
			isa = PBXTargetDependency;
			target = 93F9CE4E2F7419E8000E6F42 /* ClimbingLog */;
			targetProxy = 93F9CE672F7419EA000E6F42 /* PBXContainerItemProxy */;
		};
/* End PBXTargetDependency section */

/* Begin XCBuildConfiguration section */
		93F9CE6E2F7419EA000E6F42 /* Debug */ = {
			isa = XCBuildConfiguration;
			buildSettings = {
				ALWAYS_SEARCH_USER_PATHS = NO;
				ASSETCATALOG_COMPILER_GENERATE_SWIFT_ASSET_SYMBOL_EXTENSIONS = YES;
				CLANG_ANALYZER_NONNULL = YES;
				CLANG_ANALYZER_NUMBER_OBJECT_CONVERSION = YES_AGGRESSIVE;
				CLANG_CXX_LANGUAGE_STANDARD = "gnu++20";
				CLANG_ENABLE_MODULES = YES;
				CLANG_ENABLE_OBJC_ARC = YES;
				CLANG_ENABLE_OBJC_WEAK = YES;
				CLANG_WARN_BLOCK_CAPTURE_AUTORELEASING = YES;
				CLANG_WARN_BOOL_CONVERSION = YES;
				CLANG_WARN_COMMA = YES;
				CLANG_WARN_CONSTANT_CONVERSION = YES;
				CLANG_WARN_DEPRECATED_OBJC_IMPLEMENTATIONS = YES;
				CLANG_WARN_DIRECT_OBJC_ISA_USAGE = YES_ERROR;
				CLANG_WARN_DOCUMENTATION_COMMENTS = YES;
				CLANG_WARN_EMPTY_BODY = YES;
				CLANG_WARN_ENUM_CONVERSION = YES;
				CLANG_WARN_INFINITE_RECURSION = YES;
				CLANG_WARN_INT_CONVERSION = YES;
				CLANG_WARN_NON_LITERAL_NULL_CONVERSION = YES;
				CLANG_WARN_OBJC_IMPLICIT_RETAIN_SELF = YES;
				CLANG_WARN_OBJC_LITERAL_CONVERSION = YES;
				CLANG_WARN_OBJC_ROOT_CLASS = YES_ERROR;
				CLANG_WARN_QUOTED_INCLUDE_IN_FRAMEWORK_HEADER = YES;
				CLANG_WARN_RANGE_LOOP_ANALYSIS = YES;
				CLANG_WARN_STRICT_PROTOTYPES = YES;
				CLANG_WARN_SUSPICIOUS_MOVE = YES;
				CLANG_WARN_UNGUARDED_AVAILABILITY = YES_AGGRESSIVE;
				CLANG_WARN_UNREACHABLE_CODE = YES;
				CLANG_WARN__DUPLICATE_METHOD_MATCH = YES;
				COPY_PHASE_STRIP = NO;
				DEBUG_INFORMATION_FORMAT = dwarf;
				DEVELOPMENT_TEAM = D36K8Z25R3;
				ENABLE_STRICT_OBJC_MSGSEND = YES;
				ENABLE_TESTABILITY = YES;
				ENABLE_USER_SCRIPT_SANDBOXING = YES;
				GCC_C_LANGUAGE_STANDARD = gnu17;
				GCC_DYNAMIC_NO_PIC = NO;
				GCC_NO_COMMON_BLOCKS = YES;
				GCC_OPTIMIZATION_LEVEL = 0;
				GCC_PREPROCESSOR_DEFINITIONS = (
					"DEBUG=1",
					"$(inherited)",
				);
				GCC_WARN_64_TO_32_BIT_CONVERSION = YES;
				GCC_WARN_ABOUT_RETURN_TYPE = YES_ERROR;
				GCC_WARN_UNDECLARED_SELECTOR = YES;
				GCC_WARN_UNINITIALIZED_AUTOS = YES_AGGRESSIVE;
				GCC_WARN_UNUSED_FUNCTION = YES;
				GCC_WARN_UNUSED_VARIABLE = YES;
				IPHONEOS_DEPLOYMENT_TARGET = 26.4;
				LOCALIZATION_PREFERS_STRING_CATALOGS = YES;
				MTL_ENABLE_DEBUG_INFO = INCLUDE_SOURCE;
				MTL_FAST_MATH = YES;
				ONLY_ACTIVE_ARCH = YES;
				SDKROOT = iphoneos;
				SWIFT_ACTIVE_COMPILATION_CONDITIONS = "DEBUG $(inherited)";
				SWIFT_OPTIMIZATION_LEVEL = "-Onone";
			};
			name = Debug;
		};
		93F9CE6F2F7419EA000E6F42 /* Release */ = {
			isa = XCBuildConfiguration;
			buildSettings = {
				ALWAYS_SEARCH_USER_PATHS = NO;
				ASSETCATALOG_COMPILER_GENERATE_SWIFT_ASSET_SYMBOL_EXTENSIONS = YES;
				CLANG_ANALYZER_NONNULL = YES;
				CLANG_ANALYZER_NUMBER_OBJECT_CONVERSION = YES_AGGRESSIVE;
				CLANG_CXX_LANGUAGE_STANDARD = "gnu++20";
				CLANG_ENABLE_MODULES = YES;
				CLANG_ENABLE_OBJC_ARC = YES;
				CLANG_ENABLE_OBJC_WEAK = YES;
				CLANG_WARN_BLOCK_CAPTURE_AUTORELEASING = YES;
				CLANG_WARN_BOOL_CONVERSION = YES;
				CLANG_WARN_COMMA = YES;
				CLANG_WARN_CONSTANT_CONVERSION = YES;
				CLANG_WARN_DEPRECATED_OBJC_IMPLEMENTATIONS = YES;
				CLANG_WARN_DIRECT_OBJC_ISA_USAGE = YES_ERROR;
				CLANG_WARN_DOCUMENTATION_COMMENTS = YES;
				CLANG_WARN_EMPTY_BODY = YES;
				CLANG_WARN_ENUM_CONVERSION = YES;
				CLANG_WARN_INFINITE_RECURSION = YES;
				CLANG_WARN_INT_CONVERSION = YES;
				CLANG_WARN_NON_LITERAL_NULL_CONVERSION = YES;
				CLANG_WARN_OBJC_IMPLICIT_RETAIN_SELF = YES;
				CLANG_WARN_OBJC_LITERAL_CONVERSION = YES;
				CLANG_WARN_OBJC_ROOT_CLASS = YES_ERROR;
				CLANG_WARN_QUOTED_INCLUDE_IN_FRAMEWORK_HEADER = YES;
				CLANG_WARN_RANGE_LOOP_ANALYSIS = YES;
				CLANG_WARN_STRICT_PROTOTYPES = YES;
				CLANG_WARN_SUSPICIOUS_MOVE = YES;
				CLANG_WARN_UNGUARDED_AVAILABILITY = YES_AGGRESSIVE;
				CLANG_WARN_UNREACHABLE_CODE = YES;
				CLANG_WARN__DUPLICATE_METHOD_MATCH = YES;
				COPY_PHASE_STRIP = NO;
				DEBUG_INFORMATION_FORMAT = "dwarf-with-dsym";
				DEVELOPMENT_TEAM = D36K8Z25R3;
				ENABLE_NS_ASSERTIONS = NO;
				ENABLE_STRICT_OBJC_MSGSEND = YES;
				ENABLE_USER_SCRIPT_SANDBOXING = YES;
				GCC_C_LANGUAGE_STANDARD = gnu17;
				GCC_NO_COMMON_BLOCKS = YES;
				GCC_WARN_64_TO_32_BIT_CONVERSION = YES;
				GCC_WARN_ABOUT_RETURN_TYPE = YES_ERROR;
				GCC_WARN_UNDECLARED_SELECTOR = YES;
				GCC_WARN_UNINITIALIZED_AUTOS = YES_AGGRESSIVE;
				GCC_WARN_UNUSED_FUNCTION = YES;
				GCC_WARN_UNUSED_VARIABLE = YES;
				IPHONEOS_DEPLOYMENT_TARGET = 26.4;
				LOCALIZATION_PREFERS_STRING_CATALOGS = YES;
				MTL_ENABLE_DEBUG_INFO = NO;
				MTL_FAST_MATH = YES;
				SDKROOT = iphoneos;
				SWIFT_COMPILATION_MODE = wholemodule;
				VALIDATE_PRODUCT = YES;
			};
			name = Release;
		};
		93F9CE712F7419EA000E6F42 /* Debug */ = {
			isa = XCBuildConfiguration;
			buildSettings = {
				ASSETCATALOG_COMPILER_APPICON_NAME = AppIcon;
				ASSETCATALOG_COMPILER_GLOBAL_ACCENT_COLOR_NAME = AccentColor;
				CODE_SIGN_STYLE = Automatic;
				CURRENT_PROJECT_VERSION = 1;
				DEVELOPMENT_TEAM = D36K8Z25R3;
				ENABLE_PREVIEWS = YES;
				GENERATE_INFOPLIST_FILE = YES;
				HEADER_SEARCH_PATHS = (
					"$(SRCROOT)/../core/include",
					"$(SRCROOT)/../core/src",
					"$(SRCROOT)/../core/vendor",
				);
				SWIFT_OBJC_BRIDGING_HEADER = "$(SRCROOT)/ClimbingLog/Bridging-Header.h";
				INFOPLIST_KEY_UIApplicationSceneManifest_Generation = YES;
				INFOPLIST_KEY_UIApplicationSupportsIndirectInputEvents = YES;
				INFOPLIST_KEY_UILaunchScreen_Generation = YES;
				INFOPLIST_KEY_UISupportedInterfaceOrientations_iPad = "UIInterfaceOrientationPortrait UIInterfaceOrientationPortraitUpsideDown UIInterfaceOrientationLandscapeLeft UIInterfaceOrientationLandscapeRight";
				INFOPLIST_KEY_UISupportedInterfaceOrientations_iPhone = "UIInterfaceOrientationPortrait UIInterfaceOrientationLandscapeLeft UIInterfaceOrientationLandscapeRight";
				LD_RUNPATH_SEARCH_PATHS = (
					"$(inherited)",
					"@executable_path/Frameworks",
				);
				MARKETING_VERSION = 1.0;
				PRODUCT_BUNDLE_IDENTIFIER = masonmil.ClimbingLog;
				PRODUCT_NAME = "$(TARGET_NAME)";
				STRING_CATALOG_GENERATE_SYMBOLS = YES;
				SWIFT_APPROACHABLE_CONCURRENCY = YES;
				SWIFT_DEFAULT_ACTOR_ISOLATION = MainActor;
				SWIFT_EMIT_LOC_STRINGS = YES;
				SWIFT_UPCOMING_FEATURE_MEMBER_IMPORT_VISIBILITY = YES;
				SWIFT_VERSION = 5.0;
				TARGETED_DEVICE_FAMILY = "1,2";
			};
			name = Debug;
		};
		93F9CE722F7419EA000E6F42 /* Release */ = {
			isa = XCBuildConfiguration;
			buildSettings = {
				ASSETCATALOG_COMPILER_APPICON_NAME = AppIcon;
				ASSETCATALOG_COMPILER_GLOBAL_ACCENT_COLOR_NAME = AccentColor;
				CODE_SIGN_STYLE = Automatic;
				CURRENT_PROJECT_VERSION = 1;
				DEVELOPMENT_TEAM = D36K8Z25R3;
				ENABLE_PREVIEWS = YES;
				GENERATE_INFOPLIST_FILE = YES;
				HEADER_SEARCH_PATHS = (
					"$(SRCROOT)/../core/include",
					"$(SRCROOT)/../core/src",
					"$(SRCROOT)/../core/vendor",
				);
				SWIFT_OBJC_BRIDGING_HEADER = "$(SRCROOT)/ClimbingLog/Bridging-Header.h";
				INFOPLIST_KEY_UIApplicationSceneManifest_Generation = YES;
				INFOPLIST_KEY_UIApplicationSupportsIndirectInputEvents = YES;
				INFOPLIST_KEY_UILaunchScreen_Generation = YES;
				INFOPLIST_KEY_UISupportedInterfaceOrientations_iPad = "UIInterfaceOrientationPortrait UIInterfaceOrientationPortraitUpsideDown UIInterfaceOrientationLandscapeLeft UIInterfaceOrientationLandscapeRight";
				INFOPLIST_KEY_UISupportedInterfaceOrientations_iPhone = "UIInterfaceOrientationPortrait UIInterfaceOrientationLandscapeLeft UIInterfaceOrientationLandscapeRight";
				LD_RUNPATH_SEARCH_PATHS = (
					"$(inherited)",
					"@executable_path/Frameworks",
				);
				MARKETING_VERSION = 1.0;
				PRODUCT_BUNDLE_IDENTIFIER = masonmil.ClimbingLog;
				PRODUCT_NAME = "$(TARGET_NAME)";
				STRING_CATALOG_GENERATE_SYMBOLS = YES;
				SWIFT_APPROACHABLE_CONCURRENCY = YES;
				SWIFT_DEFAULT_ACTOR_ISOLATION = MainActor;
				SWIFT_EMIT_LOC_STRINGS = YES;
				SWIFT_UPCOMING_FEATURE_MEMBER_IMPORT_VISIBILITY = YES;
				SWIFT_VERSION = 5.0;
				TARGETED_DEVICE_FAMILY = "1,2";
			};
			name = Release;
		};
		93F9CE742F7419EA000E6F42 /* Debug */ = {
			isa = XCBuildConfiguration;
			buildSettings = {
				BUNDLE_LOADER = "$(TEST_HOST)";
				CODE_SIGN_STYLE = Automatic;
				CURRENT_PROJECT_VERSION = 1;
				DEVELOPMENT_TEAM = D36K8Z25R3;
				GENERATE_INFOPLIST_FILE = YES;
				IPHONEOS_DEPLOYMENT_TARGET = 26.4;
				MARKETING_VERSION = 1.0;
				PRODUCT_BUNDLE_IDENTIFIER = masonmil.ClimbingLogTests;
				PRODUCT_NAME = "$(TARGET_NAME)";
				STRING_CATALOG_GENERATE_SYMBOLS = NO;
				SWIFT_APPROACHABLE_CONCURRENCY = YES;
				SWIFT_EMIT_LOC_STRINGS = NO;
				SWIFT_UPCOMING_FEATURE_MEMBER_IMPORT_VISIBILITY = YES;
				SWIFT_VERSION = 5.0;
				TARGETED_DEVICE_FAMILY = "1,2";
				TEST_HOST = "$(BUILT_PRODUCTS_DIR)/ClimbingLog.app/$(BUNDLE_EXECUTABLE_FOLDER_PATH)/ClimbingLog";
			};
			name = Debug;
		};
		93F9CE752F7419EA000E6F42 /* Release */ = {
			isa = XCBuildConfiguration;
			buildSettings = {
				BUNDLE_LOADER = "$(TEST_HOST)";
				CODE_SIGN_STYLE = Automatic;
				CURRENT_PROJECT_VERSION = 1;
				DEVELOPMENT_TEAM = D36K8Z25R3;
				GENERATE_INFOPLIST_FILE = YES;
				IPHONEOS_DEPLOYMENT_TARGET = 26.4;
				MARKETING_VERSION = 1.0;
				PRODUCT_BUNDLE_IDENTIFIER = masonmil.ClimbingLogTests;
				PRODUCT_NAME = "$(TARGET_NAME)";
				STRING_CATALOG_GENERATE_SYMBOLS = NO;
				SWIFT_APPROACHABLE_CONCURRENCY = YES;
				SWIFT_EMIT_LOC_STRINGS = NO;
				SWIFT_UPCOMING_FEATURE_MEMBER_IMPORT_VISIBILITY = YES;
				SWIFT_VERSION = 5.0;
				TARGETED_DEVICE_FAMILY = "1,2";
				TEST_HOST = "$(BUILT_PRODUCTS_DIR)/ClimbingLog.app/$(BUNDLE_EXECUTABLE_FOLDER_PATH)/ClimbingLog";
			};
			name = Release;
		};
		93F9CE772F7419EA000E6F42 /* Debug */ = {
			isa = XCBuildConfiguration;
			buildSettings = {
				CODE_SIGN_STYLE = Automatic;
				CURRENT_PROJECT_VERSION = 1;
				DEVELOPMENT_TEAM = D36K8Z25R3;
				GENERATE_INFOPLIST_FILE = YES;
				MARKETING_VERSION = 1.0;
				PRODUCT_BUNDLE_IDENTIFIER = masonmil.ClimbingLogUITests;
				PRODUCT_NAME = "$(TARGET_NAME)";
				STRING_CATALOG_GENERATE_SYMBOLS = NO;
				SWIFT_APPROACHABLE_CONCURRENCY = YES;
				SWIFT_EMIT_LOC_STRINGS = NO;
				SWIFT_UPCOMING_FEATURE_MEMBER_IMPORT_VISIBILITY = YES;
				SWIFT_VERSION = 5.0;
				TARGETED_DEVICE_FAMILY = "1,2";
				TEST_TARGET_NAME = ClimbingLog;
			};
			name = Debug;
		};
		93F9CE782F7419EA000E6F42 /* Release */ = {
			isa = XCBuildConfiguration;
			buildSettings = {
				CODE_SIGN_STYLE = Automatic;
				CURRENT_PROJECT_VERSION = 1;
				DEVELOPMENT_TEAM = D36K8Z25R3;
				GENERATE_INFOPLIST_FILE = YES;
				MARKETING_VERSION = 1.0;
				PRODUCT_BUNDLE_IDENTIFIER = masonmil.ClimbingLogUITests;
				PRODUCT_NAME = "$(TARGET_NAME)";
				STRING_CATALOG_GENERATE_SYMBOLS = NO;
				SWIFT_APPROACHABLE_CONCURRENCY = YES;
				SWIFT_EMIT_LOC_STRINGS = NO;
				SWIFT_UPCOMING_FEATURE_MEMBER_IMPORT_VISIBILITY = YES;
				SWIFT_VERSION = 5.0;
				TARGETED_DEVICE_FAMILY = "1,2";
				TEST_TARGET_NAME = ClimbingLog;
			};
			name = Release;
		};
/* End XCBuildConfiguration section */

/* Begin XCConfigurationList section */
		93F9CE4A2F7419E8000E6F42 /* Build configuration list for PBXProject "ClimbingLog" */ = {
			isa = XCConfigurationList;
			buildConfigurations = (
				93F9CE6E2F7419EA000E6F42 /* Debug */,
				93F9CE6F2F7419EA000E6F42 /* Release */,
			);
			defaultConfigurationIsVisible = 0;
			defaultConfigurationName = Release;
		};
		93F9CE702F7419EA000E6F42 /* Build configuration list for PBXNativeTarget "ClimbingLog" */ = {
			isa = XCConfigurationList;
			buildConfigurations = (
				93F9CE712F7419EA000E6F42 /* Debug */,
				93F9CE722F7419EA000E6F42 /* Release */,
			);
			defaultConfigurationIsVisible = 0;
			defaultConfigurationName = Release;
		};
		93F9CE732F7419EA000E6F42 /* Build configuration list for PBXNativeTarget "ClimbingLogTests" */ = {
			isa = XCConfigurationList;
			buildConfigurations = (
				93F9CE742F7419EA000E6F42 /* Debug */,
				93F9CE752F7419EA000E6F42 /* Release */,
			);
			defaultConfigurationIsVisible = 0;
			defaultConfigurationName = Release;
		};
		93F9CE762F7419EA000E6F42 /* Build configuration list for PBXNativeTarget "ClimbingLogUITests" */ = {
			isa = XCConfigurationList;
			buildConfigurations = (
				93F9CE772F7419EA000E6F42 /* Debug */,
				93F9CE782F7419EA000E6F42 /* Release */,
			);
			defaultConfigurationIsVisible = 0;
			defaultConfigurationName = Release;
		};
/* End XCConfigurationList section */
	};
	rootObject = 93F9CE472F7419E8000E6F42 /* Project object */;
}
